
Microsoft Visual Studio Solution File, Format Version 12.00
# Visual Studio Version 17
VisualStudioVersion = 17.4.33103.184
MinimumVisualStudioVersion = 10.0.40219.1
Project("{9A19103F-16F7-4668-BE54-9A1E7A4F7556}") = "CAPA_DATOS", "CAPA_DATOS\CAPA_DATOS.csproj", "{2651D453-4CE7-41B6-8F54-7308B9B2DC25}"
EndProject
Project("{9A19103F-16F7-4668-BE54-9A1E7A4F7556}") = "CAPA_NEGOCIOS", "CAPA_NEGOCIOS\CAPA_NEGOCIOS.csproj", "{815EDAA7-E6C5-460C-AFAC-BA9C6DA2F980}"
EndProject
Project("{9A19103F-16F7-4668-BE54-9A1E7A4F7556}") = "CAPA_UI", "CAPA_UI\CAPA_UI.csproj", "{F627105A-6700-48C5-BE63-0831313AE253}"
EndProject
Global
	GlobalSection(SolutionConfigurationPlatforms) = preSolution
		Debug|Any CPU = Debug|Any CPU
		Release|Any CPU = Release|Any CPU
	EndGlobalSection
	GlobalSection(ProjectConfigurationPlatforms) = postSolution
		{2651D453-4CE7-41B6-8F54-7308B9B2DC25}.Debug|Any CPU.ActiveCfg = Debug|Any CPU
		{2651D453-4CE7-41B6-8F54-7308B9B2DC25}.Debug|Any CPU.Build.0 = Debug|Any CPU
		{2651D453-4CE7-41B6-8F54-7308B9B2DC25}.Release|Any CPU.ActiveCfg = Release|Any CPU
		{2651D453-4CE7-41B6-8F54-7308B9B2DC25}.Release|Any CPU.Build.0 = Release|Any CPU
		{815EDAA7-E6C5-460C-AFAC-BA9C6DA2F980}.Debug|Any CPU.ActiveCfg = Debug|Any CPU
		{815EDAA7-E6C5-460C-AFAC-BA9C6DA2F980}.Debug|Any CPU.Build.0 = Debug|Any CPU
		{815EDAA7-E6C5-460C-AFAC-BA9C6DA2F980}.Release|Any CPU.ActiveCfg = Release|Any CPU
		{815EDAA7-E6C5-460C-AFAC-BA9C6DA2F980}.Release|Any CPU.Build.0 = Release|Any CPU
		{F627105A-6700-48C5-BE63-0831313AE253}.Debug|Any CPU.ActiveCfg = Debug|Any CPU
		{F627105A-6700-48C5-BE63-0831313AE253}.Debug|Any CPU.Build.0 = Debug|Any CPU
		{F627105A-6700-48C5-BE63-0831313AE253}.Release|Any CPU.ActiveCfg = Release|Any CPU
		{F627105A-6700-48C5-BE63-0831313AE253}.Release|Any CPU.Build.0 = Release|Any CPU
	EndGlobalSection
	GlobalSection(SolutionProperties) = preSolution
		HideSolutionNode = FALSE
	EndGlobalSection
	GlobalSection(ExtensibilityGlobals) = postSolution
		SolutionGuid = {292E6FA1-9772-4EF9-9905-DDCD59243D6E}
	EndGlobalSection
EndGlobal
